
Microsoft Visual Studio Solution File, Format Version 12.00
# Visual Studio 2015
Project("{FAE04EC0-301F-11D3-BF4B-00C04F79EFBC}") = "IGCC2017TeamN-master", "IGCC2017TeamN-master.csproj", "{80D77E82-D39A-329E-D80A-459AC9074479}"
EndProject
Global
	GlobalSection(SolutionConfigurationPlatforms) = preSolution
		Debug|Any CPU = Debug|Any CPU
		Release|Any CPU = Release|Any CPU
	EndGlobalSection
	GlobalSection(ProjectConfigurationPlatforms) = postSolution
		{80D77E82-D39A-329E-D80A-459AC9074479}.Debug|Any CPU.ActiveCfg = Debug|Any CPU
		{80D77E82-D39A-329E-D80A-459AC9074479}.Debug|Any CPU.Build.0 = Debug|Any CPU
		{80D77E82-D39A-329E-D80A-459AC9074479}.Release|Any CPU.ActiveCfg = Release|Any CPU
		{80D77E82-D39A-329E-D80A-459AC9074479}.Release|Any CPU.Build.0 = Release|Any CPU
	EndGlobalSection
	GlobalSection(SolutionProperties) = preSolution
		HideSolutionNode = FALSE
	EndGlobalSection
EndGlobal
